{
  "name": "japanese-prefectural-capitals",
  "version": "1.0.0",
  "lockfileVersion": 1,
  "requires": true,
  "dependencies": {
    "lodash": {
      "version": "4.17.21",
      "resolved": "https://registry.npmjs.org/lodash/-/lodash-4.17.21.tgz",
      "integrity": "sha512-v2kDEe57lecTulaDIuNTPy3Ry4gLGJ6Z1O3vE1krgXZNrsQ+LFTGHVxVjcXPs17LhbZVGedAJv8XZ1tvj5FvSg=="
    },
    "pdfreader": {
      "version": "1.2.10",
      "resolved": "https://registry.npmjs.org/pdfreader/-/pdfreader-1.2.10.tgz",
      "integrity": "sha512-oTrXTbqI9PG6uJssAPsfw4mo+9Tqi7kM/ZIpfRbikBIO2KZEL9gI8w8YbP65DcAVdn8RLq9jpYZKd1ggA9FI4A==",
      "requires": {
        "pdf2json": "1.2.1"
      },
      "dependencies": {
        "pdf2json": {
          "version": "1.2.1",
          "resolved": "https://registry.npmjs.org/pdf2json/-/pdf2json-1.2.1.tgz",
          "integrity": "sha512-Ihda4iOiiINYRwvdpHFHBFrRc/vT+w10Kc3o2meOB0HSPDEVMrb+X+V5oUOawipqNT/aI3dazSicwNyJzDLPaQ==",
          "requires": {
            "async": "^3.2.0",
            "lodash": "^4.17.20",
            "optimist": "^0.6.1",
            "xmldom": "^0.5.0"
          },
          "dependencies": {
            "async": {
              "version": "3.2.0",
              "bundled": true
            },
            "minimist": {
              "version": "0.0.10",
              "bundled": true
            },
            "optimist": {
              "version": "0.6.1",
              "bundled": true,
              "requires": {
                "minimist": "~0.0.1",
                "wordwrap": "~0.0.2"
              }
            },
            "wordwrap": {
              "version": "0.0.3",
              "bundled": true
            }
          }
        }
      }
    },
    "xmldom": {
      "version": "0.5.0",
      "resolved": "https://registry.npmjs.org/xmldom/-/xmldom-0.5.0.tgz",
      "integrity": "sha512-Foaj5FXVzgn7xFzsKeNIde9g6aFBxTPi37iwsno8QvApmtg7KYrr+OPyRHcJF7dud2a5nGRBXK3n0dL62Gf7PA=="
    }
  }
}
